
Microsoft Visual Studio Solution File, Format Version 12.00
# Visual Studio Version 17
VisualStudioVersion = 17.9.34902.65
MinimumVisualStudioVersion = 10.0.40219.1
Project("{FAE04EC0-301F-11D3-BF4B-00C04F79EFBC}") = "ECBCurrencyRates", "ECBCurrencyRates.csproj", "{6A514310-8A12-4ED3-8678-C88882DEB20E}"
EndProject
Global
	GlobalSection(SolutionConfigurationPlatforms) = preSolution
		Debug|Any CPU = Debug|Any CPU
		Release|Any CPU = Release|Any CPU
	EndGlobalSection
	GlobalSection(ProjectConfigurationPlatforms) = postSolution
		{6A514310-8A12-4ED3-8678-C88882DEB20E}.Debug|Any CPU.ActiveCfg = Debug|Any CPU
		{6A514310-8A12-4ED3-8678-C88882DEB20E}.Debug|Any CPU.Build.0 = Debug|Any CPU
		{6A514310-8A12-4ED3-8678-C88882DEB20E}.Release|Any CPU.ActiveCfg = Release|Any CPU
		{6A514310-8A12-4ED3-8678-C88882DEB20E}.Release|Any CPU.Build.0 = Release|Any CPU
	EndGlobalSection
	GlobalSection(SolutionProperties) = preSolution
		HideSolutionNode = FALSE
	EndGlobalSection
	GlobalSection(ExtensibilityGlobals) = postSolution
		SolutionGuid = {FF48B54C-EDAB-4EAA-ACB5-0A0480292091}
	EndGlobalSection
EndGlobal
